// !$*UTF8*$!
{
	archiveVersion = 1;
	classes = {
	};
	objectVersion = 56;
	objects = {

/* Begin PBXBuildFile section */
		A9014CDA2B7AB8B000263D96 /* AppDelegate.swift in Sources */ = {isa = PBXBuildFile; fileRef = A9014CD92B7AB8B000263D96 /* AppDelegate.swift */; };
		A9014CDC2B7AB8B000263D96 /* SceneDelegate.swift in Sources */ = {isa = PBXBuildFile; fileRef = A9014CDB2B7AB8B000263D96 /* SceneDelegate.swift */; };
		A9014CDE2B7AB8B000263D96 /* ViewController.swift in Sources */ = {isa = PBXBuildFile; fileRef = A9014CDD2B7AB8B000263D96 /* ViewController.swift */; };
		A9014CE12B7AB8B000263D96 /* Main.storyboard in Resources */ = {isa = PBXBuildFile; fileRef = A9014CDF2B7AB8B000263D96 /* Main.storyboard */; };
		A9014CE32B7AB8B200263D96 /* Assets.xcassets in Resources */ = {isa = PBXBuildFile; fileRef = A9014CE22B7AB8B200263D96 /* Assets.xcassets */; };
		A9014CE62B7AB8B200263D96 /* LaunchScreen.storyboard in Resources */ = {isa = PBXBuildFile; fileRef = A9014CE42B7AB8B200263D96 /* LaunchScreen.storyboard */; };
		A9014CF12B7AB8B300263D96 /* MediaFinderTests.swift in Sources */ = {isa = PBXBuildFile; fileRef = A9014CF02B7AB8B300263D96 /* MediaFinderTests.swift */; };
		A9014CFB2B7AB8B300263D96 /* MediaFinderUITests.swift in Sources */ = {isa = PBXBuildFile; fileRef = A9014CFA2B7AB8B300263D96 /* MediaFinderUITests.swift */; };
		A9014CFD2B7AB8B300263D96 /* MediaFinderUITestsLaunchTests.swift in Sources */ = {isa = PBXBuildFile; fileRef = A9014CFC2B7AB8B300263D96 /* MediaFinderUITestsLaunchTests.swift */; };
		A9014D0C2B7AB9A600263D96 /* MediaInfo.swift in Sources */ = {isa = PBXBuildFile; fileRef = A9014D0B2B7AB9A600263D96 /* MediaInfo.swift */; };
		A9014D102B7AD1E000263D96 /* ResultsViewController.swift in Sources */ = {isa = PBXBuildFile; fileRef = A9014D0F2B7AD1E000263D96 /* ResultsViewController.swift */; };
/* End PBXBuildFile section */

/* Begin PBXContainerItemProxy section */
		A9014CED2B7AB8B200263D96 /* PBXContainerItemProxy */ = {
			isa = PBXContainerItemProxy;
			containerPortal = A9014CCE2B7AB8B000263D96 /* Project object */;
			proxyType = 1;
			remoteGlobalIDString = A9014CD52B7AB8B000263D96;
			remoteInfo = MediaFinder;
		};
		A9014CF72B7AB8B300263D96 /* PBXContainerItemProxy */ = {
			isa = PBXContainerItemProxy;
			containerPortal = A9014CCE2B7AB8B000263D96 /* Project object */;
			proxyType = 1;
			remoteGlobalIDString = A9014CD52B7AB8B000263D96;
			remoteInfo = MediaFinder;
		};
/* End PBXContainerItemProxy section */

/* Begin PBXFileReference section */
		A9014CD62B7AB8B000263D96 /* MediaFinder.app */ = {isa = PBXFileReference; explicitFileType = wrapper.application; includeInIndex = 0; path = MediaFinder.app; sourceTree = BUILT_PRODUCTS_DIR; };
		A9014CD92B7AB8B000263D96 /* AppDelegate.swift */ = {isa = PBXFileReference; lastKnownFileType = sourcecode.swift; path = AppDelegate.swift; sourceTree = "<group>"; };
		A9014CDB2B7AB8B000263D96 /* SceneDelegate.swift */ = {isa = PBXFileReference; lastKnownFileType = sourcecode.swift; path = SceneDelegate.swift; sourceTree = "<group>"; };
		A9014CDD2B7AB8B000263D96 /* ViewController.swift */ = {isa = PBXFileReference; lastKnownFileType = sourcecode.swift; path = ViewController.swift; sourceTree = "<group>"; };
		A9014CE02B7AB8B000263D96 /* Base */ = {isa = PBXFileReference; lastKnownFileType = file.storyboard; name = Base; path = Base.lproj/Main.storyboard; sourceTree = "<group>"; };
		A9014CE22B7AB8B200263D96 /* Assets.xcassets */ = {isa = PBXFileReference; lastKnownFileType = folder.assetcatalog; path = Assets.xcassets; sourceTree = "<group>"; };
		A9014CE52B7AB8B200263D96 /* Base */ = {isa = PBXFileReference; lastKnownFileType = file.storyboard; name = Base; path = Base.lproj/LaunchScreen.storyboard; sourceTree = "<group>"; };
		A9014CE72B7AB8B200263D96 /* Info.plist */ = {isa = PBXFileReference; lastKnownFileType = text.plist.xml; path = Info.plist; sourceTree = "<group>"; };
		A9014CEC2B7AB8B200263D96 /* MediaFinderTests.xctest */ = {isa = PBXFileReference; explicitFileType = wrapper.cfbundle; includeInIndex = 0; path = MediaFinderTests.xctest; sourceTree = BUILT_PRODUCTS_DIR; };
		A9014CF02B7AB8B300263D96 /* MediaFinderTests.swift */ = {isa = PBXFileReference; lastKnownFileType = sourcecode.swift; path = MediaFinderTests.swift; sourceTree = "<group>"; };
		A9014CF62B7AB8B300263D96 /* MediaFinderUITests.xctest */ = {isa = PBXFileReference; explicitFileType = wrapper.cfbundle; includeInIndex = 0; path = MediaFinderUITests.xctest; sourceTree = BUILT_PRODUCTS_DIR; };
		A9014CFA2B7AB8B300263D96 /* MediaFinderUITests.swift */ = {isa = PBXFileReference; lastKnownFileType = sourcecode.swift; path = MediaFinderUITests.swift; sourceTree = "<group>"; };
		A9014CFC2B7AB8B300263D96 /* MediaFinderUITestsLaunchTests.swift */ = {isa = PBXFileReference; lastKnownFileType = sourcecode.swift; path = MediaFinderUITestsLaunchTests.swift; sourceTree = "<group>"; };
		A9014D0B2B7AB9A600263D96 /* MediaInfo.swift */ = {isa = PBXFileReference; lastKnownFileType = sourcecode.swift; path = MediaInfo.swift; sourceTree = "<group>"; };
		A9014D0F2B7AD1E000263D96 /* ResultsViewController.swift */ = {isa = PBXFileReference; lastKnownFileType = sourcecode.swift; path = ResultsViewController.swift; sourceTree = "<group>"; };
/* End PBXFileReference section */

/* Begin PBXFrameworksBuildPhase section */
		A9014CD32B7AB8B000263D96 /* Frameworks */ = {
			isa = PBXFrameworksBuildPhase;
			buildActionMask = 2147483647;
			files = (
			);
			runOnlyForDeploymentPostprocessing = 0;
		};
		A9014CE92B7AB8B200263D96 /* Frameworks */ = {
			isa = PBXFrameworksBuildPhase;
			buildActionMask = 2147483647;
			files = (
			);
			runOnlyForDeploymentPostprocessing = 0;
		};
		A9014CF32B7AB8B300263D96 /* Frameworks */ = {
			isa = PBXFrameworksBuildPhase;
			buildActionMask = 2147483647;
			files = (
			);
			runOnlyForDeploymentPostprocessing = 0;
		};
/* End PBXFrameworksBuildPhase section */

/* Begin PBXGroup section */
		A9014CCD2B7AB8B000263D96 = {
			isa = PBXGroup;
			children = (
				A9014CD82B7AB8B000263D96 /* MediaFinder */,
				A9014CEF2B7AB8B200263D96 /* MediaFinderTests */,
				A9014CF92B7AB8B300263D96 /* MediaFinderUITests */,
				A9014CD72B7AB8B000263D96 /* Products */,
			);
			sourceTree = "<group>";
		};
		A9014CD72B7AB8B000263D96 /* Products */ = {
			isa = PBXGroup;
			children = (
				A9014CD62B7AB8B000263D96 /* MediaFinder.app */,
				A9014CEC2B7AB8B200263D96 /* MediaFinderTests.xctest */,
				A9014CF62B7AB8B300263D96 /* MediaFinderUITests.xctest */,
			);
			name = Products;
			sourceTree = "<group>";
		};
		A9014CD82B7AB8B000263D96 /* MediaFinder */ = {
			isa = PBXGroup;
			children = (
				A9014CD92B7AB8B000263D96 /* AppDelegate.swift */,
				A9014CDB2B7AB8B000263D96 /* SceneDelegate.swift */,
				A9014CDF2B7AB8B000263D96 /* Main.storyboard */,
				A9014CE22B7AB8B200263D96 /* Assets.xcassets */,
				A9014D092B7AB93F00263D96 /* Model */,
				A9014D0A2B7AB94800263D96 /* View */,
				A9014CE42B7AB8B200263D96 /* LaunchScreen.storyboard */,
				A9014CE72B7AB8B200263D96 /* Info.plist */,
			);
			path = MediaFinder;
			sourceTree = "<group>";
		};
		A9014CEF2B7AB8B200263D96 /* MediaFinderTests */ = {
			isa = PBXGroup;
			children = (
				A9014CF02B7AB8B300263D96 /* MediaFinderTests.swift */,
			);
			path = MediaFinderTests;
			sourceTree = "<group>";
		};
		A9014CF92B7AB8B300263D96 /* MediaFinderUITests */ = {
			isa = PBXGroup;
			children = (
				A9014CFA2B7AB8B300263D96 /* MediaFinderUITests.swift */,
				A9014CFC2B7AB8B300263D96 /* MediaFinderUITestsLaunchTests.swift */,
			);
			path = MediaFinderUITests;
			sourceTree = "<group>";
		};
		A9014D092B7AB93F00263D96 /* Model */ = {
			isa = PBXGroup;
			children = (
				A9014D0B2B7AB9A600263D96 /* MediaInfo.swift */,
			);
			path = Model;
			sourceTree = "<group>";
		};
		A9014D0A2B7AB94800263D96 /* View */ = {
			isa = PBXGroup;
			children = (
				A9014CDD2B7AB8B000263D96 /* ViewController.swift */,
				A9014D0F2B7AD1E000263D96 /* ResultsViewController.swift */,
			);
			path = View;
			sourceTree = "<group>";
		};
/* End PBXGroup section */

/* Begin PBXNativeTarget section */
		A9014CD52B7AB8B000263D96 /* MediaFinder */ = {
			isa = PBXNativeTarget;
			buildConfigurationList = A9014D002B7AB8B300263D96 /* Build configuration list for PBXNativeTarget "MediaFinder" */;
			buildPhases = (
				A9014CD22B7AB8B000263D96 /* Sources */,
				A9014CD32B7AB8B000263D96 /* Frameworks */,
				A9014CD42B7AB8B000263D96 /* Resources */,
			);
			buildRules = (
			);
			dependencies = (
			);
			name = MediaFinder;
			productName = MediaFinder;
			productReference = A9014CD62B7AB8B000263D96 /* MediaFinder.app */;
			productType = "com.apple.product-type.application";
		};
		A9014CEB2B7AB8B200263D96 /* MediaFinderTests */ = {
			isa = PBXNativeTarget;
			buildConfigurationList = A9014D032B7AB8B300263D96 /* Build configuration list for PBXNativeTarget "MediaFinderTests" */;
			buildPhases = (
				A9014CE82B7AB8B200263D96 /* Sources */,
				A9014CE92B7AB8B200263D96 /* Frameworks */,
				A9014CEA2B7AB8B200263D96 /* Resources */,
			);
			buildRules = (
			);
			dependencies = (
				A9014CEE2B7AB8B200263D96 /* PBXTargetDependency */,
			);
			name = MediaFinderTests;
			productName = MediaFinderTests;
			productReference = A9014CEC2B7AB8B200263D96 /* MediaFinderTests.xctest */;
			productType = "com.apple.product-type.bundle.unit-test";
		};
		A9014CF52B7AB8B300263D96 /* MediaFinderUITests */ = {
			isa = PBXNativeTarget;
			buildConfigurationList = A9014D062B7AB8B300263D96 /* Build configuration list for PBXNativeTarget "MediaFinderUITests" */;
			buildPhases = (
				A9014CF22B7AB8B300263D96 /* Sources */,
				A9014CF32B7AB8B300263D96 /* Frameworks */,
				A9014CF42B7AB8B300263D96 /* Resources */,
			);
			buildRules = (
			);
			dependencies = (
				A9014CF82B7AB8B300263D96 /* PBXTargetDependency */,
			);
			name = MediaFinderUITests;
			productName = MediaFinderUITests;
			productReference = A9014CF62B7AB8B300263D96 /* MediaFinderUITests.xctest */;
			productType = "com.apple.product-type.bundle.ui-testing";
		};
/* End PBXNativeTarget section */

/* Begin PBXProject section */
		A9014CCE2B7AB8B000263D96 /* Project object */ = {
			isa = PBXProject;
			attributes = {
				BuildIndependentTargetsInParallel = 1;
				LastSwiftUpdateCheck = 1520;
				LastUpgradeCheck = 1520;
				TargetAttributes = {
					A9014CD52B7AB8B000263D96 = {
						CreatedOnToolsVersion = 15.2;
					};
					A9014CEB2B7AB8B200263D96 = {
						CreatedOnToolsVersion = 15.2;
						TestTargetID = A9014CD52B7AB8B000263D96;
					};
					A9014CF52B7AB8B300263D96 = {
						CreatedOnToolsVersion = 15.2;
						TestTargetID = A9014CD52B7AB8B000263D96;
					};
				};
			};
			buildConfigurationList = A9014CD12B7AB8B000263D96 /* Build configuration list for PBXProject "MediaFinder" */;
			compatibilityVersion = "Xcode 14.0";
			developmentRegion = en;
			hasScannedForEncodings = 0;
			knownRegions = (
				en,
				Base,
			);
			mainGroup = A9014CCD2B7AB8B000263D96;
			productRefGroup = A9014CD72B7AB8B000263D96 /* Products */;
			projectDirPath = "";
			projectRoot = "";
			targets = (
				A9014CD52B7AB8B000263D96 /* MediaFinder */,
				A9014CEB2B7AB8B200263D96 /* MediaFinderTests */,
				A9014CF52B7AB8B300263D96 /* MediaFinderUITests */,
			);
		};
/* End PBXProject section */

/* Begin PBXResourcesBuildPhase section */
		A9014CD42B7AB8B000263D96 /* Resources */ = {
			isa = PBXResourcesBuildPhase;
			buildActionMask = 2147483647;
			files = (
				A9014CE62B7AB8B200263D96 /* LaunchScreen.storyboard in Resources */,
				A9014CE32B7AB8B200263D96 /* Assets.xcassets in Resources */,
				A9014CE12B7AB8B000263D96 /* Main.storyboard in Resources */,
			);
			runOnlyForDeploymentPostprocessing = 0;
		};
		A9014CEA2B7AB8B200263D96 /* Resources */ = {
			isa = PBXResourcesBuildPhase;
			buildActionMask = 2147483647;
			files = (
			);
			runOnlyForDeploymentPostprocessing = 0;
		};
		A9014CF42B7AB8B300263D96 /* Resources */ = {
			isa = PBXResourcesBuildPhase;
			buildActionMask = 2147483647;
			files = (
			);
			runOnlyForDeploymentPostprocessing = 0;
		};
/* End PBXResourcesBuildPhase section */

/* Begin PBXSourcesBuildPhase section */
		A9014CD22B7AB8B000263D96 /* Sources */ = {
			isa = PBXSourcesBuildPhase;
			buildActionMask = 2147483647;
			files = (
				A9014CDE2B7AB8B000263D96 /* ViewController.swift in Sources */,
				A9014CDA2B7AB8B000263D96 /* AppDelegate.swift in Sources */,
				A9014D0C2B7AB9A600263D96 /* MediaInfo.swift in Sources */,
				A9014D102B7AD1E000263D96 /* ResultsViewController.swift in Sources */,
				A9014CDC2B7AB8B000263D96 /* SceneDelegate.swift in Sources */,
			);
			runOnlyForDeploymentPostprocessing = 0;
		};
		A9014CE82B7AB8B200263D96 /* Sources */ = {
			isa = PBXSourcesBuildPhase;
			buildActionMask = 2147483647;
			files = (
				A9014CF12B7AB8B300263D96 /* MediaFinderTests.swift in Sources */,
			);
			runOnlyForDeploymentPostprocessing = 0;
		};
		A9014CF22B7AB8B300263D96 /* Sources */ = {
			isa = PBXSourcesBuildPhase;
			buildActionMask = 2147483647;
			files = (
				A9014CFB2B7AB8B300263D96 /* MediaFinderUITests.swift in Sources */,
				A9014CFD2B7AB8B300263D96 /* MediaFinderUITestsLaunchTests.swift in Sources */,
			);
			runOnlyForDeploymentPostprocessing = 0;
		};
/* End PBXSourcesBuildPhase section */

/* Begin PBXTargetDependency section */
		A9014CEE2B7AB8B200263D96 /* PBXTargetDependency */ = {
			isa = PBXTargetDependency;
			target = A9014CD52B7AB8B000263D96 /* MediaFinder */;
			targetProxy = A9014CED2B7AB8B200263D96 /* PBXContainerItemProxy */;
		};
		A9014CF82B7AB8B300263D96 /* PBXTargetDependency */ = {
			isa = PBXTargetDependency;
			target = A9014CD52B7AB8B000263D96 /* MediaFinder */;
			targetProxy = A9014CF72B7AB8B300263D96 /* PBXContainerItemProxy */;
		};
/* End PBXTargetDependency section */

/* Begin PBXVariantGroup section */
		A9014CDF2B7AB8B000263D96 /* Main.storyboard */ = {
			isa = PBXVariantGroup;
			children = (
				A9014CE02B7AB8B000263D96 /* Base */,
			);
			name = Main.storyboard;
			sourceTree = "<group>";
		};
		A9014CE42B7AB8B200263D96 /* LaunchScreen.storyboard */ = {
			isa = PBXVariantGroup;
			children = (
				A9014CE52B7AB8B200263D96 /* Base */,
			);
			name = LaunchScreen.storyboard;
			sourceTree = "<group>";
		};
/* End PBXVariantGroup section */

/* Begin XCBuildConfiguration section */
		A9014CFE2B7AB8B300263D96 /* Debug */ = {
			isa = XCBuildConfiguration;
			buildSettings = {
				ALWAYS_SEARCH_USER_PATHS = NO;
				ASSETCATALOG_COMPILER_GENERATE_SWIFT_ASSET_SYMBOL_EXTENSIONS = YES;
				CLANG_ANALYZER_NONNULL = YES;
				CLANG_ANALYZER_NUMBER_OBJECT_CONVERSION = YES_AGGRESSIVE;
				CLANG_CXX_LANGUAGE_STANDARD = "gnu++20";
				CLANG_ENABLE_MODULES = YES;
				CLANG_ENABLE_OBJC_ARC = YES;
				CLANG_ENABLE_OBJC_WEAK = YES;
				CLANG_WARN_BLOCK_CAPTURE_AUTORELEASING = YES;
				CLANG_WARN_BOOL_CONVERSION = YES;
				CLANG_WARN_COMMA = YES;
				CLANG_WARN_CONSTANT_CONVERSION = YES;
				CLANG_WARN_DEPRECATED_OBJC_IMPLEMENTATIONS = YES;
				CLANG_WARN_DIRECT_OBJC_ISA_USAGE = YES_ERROR;
				CLANG_WARN_DOCUMENTATION_COMMENTS = YES;
				CLANG_WARN_EMPTY_BODY = YES;
				CLANG_WARN_ENUM_CONVERSION = YES;
				CLANG_WARN_INFINITE_RECURSION = YES;
				CLANG_WARN_INT_CONVERSION = YES;
				CLANG_WARN_NON_LITERAL_NULL_CONVERSION = YES;
				CLANG_WARN_OBJC_IMPLICIT_RETAIN_SELF = YES;
				CLANG_WARN_OBJC_LITERAL_CONVERSION = YES;
				CLANG_WARN_OBJC_ROOT_CLASS = YES_ERROR;
				CLANG_WARN_QUOTED_INCLUDE_IN_FRAMEWORK_HEADER = YES;
				CLANG_WARN_RANGE_LOOP_ANALYSIS = YES;
				CLANG_WARN_STRICT_PROTOTYPES = YES;
				CLANG_WARN_SUSPICIOUS_MOVE = YES;
				CLANG_WARN_UNGUARDED_AVAILABILITY = YES_AGGRESSIVE;
				CLANG_WARN_UNREACHABLE_CODE = YES;
				CLANG_WARN__DUPLICATE_METHOD_MATCH = YES;
				COPY_PHASE_STRIP = NO;
				DEBUG_INFORMATION_FORMAT = dwarf;
				ENABLE_STRICT_OBJC_MSGSEND = YES;
				ENABLE_TESTABILITY = YES;
				ENABLE_USER_SCRIPT_SANDBOXING = YES;
				GCC_C_LANGUAGE_STANDARD = gnu17;
				GCC_DYNAMIC_NO_PIC = NO;
				GCC_NO_COMMON_BLOCKS = YES;
				GCC_OPTIMIZATION_LEVEL = 0;
				GCC_PREPROCESSOR_DEFINITIONS = (
					"DEBUG=1",
					"$(inherited)",
				);
				GCC_WARN_64_TO_32_BIT_CONVERSION = YES;
				GCC_WARN_ABOUT_RETURN_TYPE = YES_ERROR;
				GCC_WARN_UNDECLARED_SELECTOR = YES;
				GCC_WARN_UNINITIALIZED_AUTOS = YES_AGGRESSIVE;
				GCC_WARN_UNUSED_FUNCTION = YES;
				GCC_WARN_UNUSED_VARIABLE = YES;
				IPHONEOS_DEPLOYMENT_TARGET = 17.2;
				LOCALIZATION_PREFERS_STRING_CATALOGS = YES;
				MTL_ENABLE_DEBUG_INFO = INCLUDE_SOURCE;
				MTL_FAST_MATH = YES;
				ONLY_ACTIVE_ARCH = YES;
				SDKROOT = iphoneos;
				SWIFT_ACTIVE_COMPILATION_CONDITIONS = "DEBUG $(inherited)";
				SWIFT_OPTIMIZATION_LEVEL = "-Onone";
			};
			name = Debug;
		};
		A9014CFF2B7AB8B300263D96 /* Release */ = {
			isa = XCBuildConfiguration;
			buildSettings = {
				ALWAYS_SEARCH_USER_PATHS = NO;
				ASSETCATALOG_COMPILER_GENERATE_SWIFT_ASSET_SYMBOL_EXTENSIONS = YES;
				CLANG_ANALYZER_NONNULL = YES;
				CLANG_ANALYZER_NUMBER_OBJECT_CONVERSION = YES_AGGRESSIVE;
				CLANG_CXX_LANGUAGE_STANDARD = "gnu++20";
				CLANG_ENABLE_MODULES = YES;
				CLANG_ENABLE_OBJC_ARC = YES;
				CLANG_ENABLE_OBJC_WEAK = YES;
				CLANG_WARN_BLOCK_CAPTURE_AUTORELEASING = YES;
				CLANG_WARN_BOOL_CONVERSION = YES;
				CLANG_WARN_COMMA = YES;
				CLANG_WARN_CONSTANT_CONVERSION = YES;
				CLANG_WARN_DEPRECATED_OBJC_IMPLEMENTATIONS = YES;
				CLANG_WARN_DIRECT_OBJC_ISA_USAGE = YES_ERROR;
				CLANG_WARN_DOCUMENTATION_COMMENTS = YES;
				CLANG_WARN_EMPTY_BODY = YES;
				CLANG_WARN_ENUM_CONVERSION = YES;
				CLANG_WARN_INFINITE_RECURSION = YES;
				CLANG_WARN_INT_CONVERSION = YES;
				CLANG_WARN_NON_LITERAL_NULL_CONVERSION = YES;
				CLANG_WARN_OBJC_IMPLICIT_RETAIN_SELF = YES;
				CLANG_WARN_OBJC_LITERAL_CONVERSION = YES;
				CLANG_WARN_OBJC_ROOT_CLASS = YES_ERROR;
				CLANG_WARN_QUOTED_INCLUDE_IN_FRAMEWORK_HEADER = YES;
				CLANG_WARN_RANGE_LOOP_ANALYSIS = YES;
				CLANG_WARN_STRICT_PROTOTYPES = YES;
				CLANG_WARN_SUSPICIOUS_MOVE = YES;
				CLANG_WARN_UNGUARDED_AVAILABILITY = YES_AGGRESSIVE;
				CLANG_WARN_UNREACHABLE_CODE = YES;
				CLANG_WARN__DUPLICATE_METHOD_MATCH = YES;
				COPY_PHASE_STRIP = NO;
				DEBUG_INFORMATION_FORMAT = "dwarf-with-dsym";
				ENABLE_NS_ASSERTIONS = NO;
				ENABLE_STRICT_OBJC_MSGSEND = YES;
				ENABLE_USER_SCRIPT_SANDBOXING = YES;
				GCC_C_LANGUAGE_STANDARD = gnu17;
				GCC_NO_COMMON_BLOCKS = YES;
				GCC_WARN_64_TO_32_BIT_CONVERSION = YES;
				GCC_WARN_ABOUT_RETURN_TYPE = YES_ERROR;
				GCC_WARN_UNDECLARED_SELECTOR = YES;
				GCC_WARN_UNINITIALIZED_AUTOS = YES_AGGRESSIVE;
				GCC_WARN_UNUSED_FUNCTION = YES;
				GCC_WARN_UNUSED_VARIABLE = YES;
				IPHONEOS_DEPLOYMENT_TARGET = 17.2;
				LOCALIZATION_PREFERS_STRING_CATALOGS = YES;
				MTL_ENABLE_DEBUG_INFO = NO;
				MTL_FAST_MATH = YES;
				SDKROOT = iphoneos;
				SWIFT_COMPILATION_MODE = wholemodule;
				VALIDATE_PRODUCT = YES;
			};
			name = Release;
		};
		A9014D012B7AB8B300263D96 /* Debug */ = {
			isa = XCBuildConfiguration;
			buildSettings = {
				ASSETCATALOG_COMPILER_APPICON_NAME = AppIcon;
				ASSETCATALOG_COMPILER_GLOBAL_ACCENT_COLOR_NAME = AccentColor;
				CODE_SIGN_STYLE = Automatic;
				CURRENT_PROJECT_VERSION = 1;
				GENERATE_INFOPLIST_FILE = YES;
				INFOPLIST_FILE = MediaFinder/Info.plist;
				INFOPLIST_KEY_UIApplicationSupportsIndirectInputEvents = YES;
				INFOPLIST_KEY_UILaunchStoryboardName = LaunchScreen;
				INFOPLIST_KEY_UIMainStoryboardFile = Main;
				INFOPLIST_KEY_UISupportedInterfaceOrientations_iPad = "UIInterfaceOrientationPortrait UIInterfaceOrientationPortraitUpsideDown UIInterfaceOrientationLandscapeLeft UIInterfaceOrientationLandscapeRight";
				INFOPLIST_KEY_UISupportedInterfaceOrientations_iPhone = "UIInterfaceOrientationPortrait UIInterfaceOrientationLandscapeLeft UIInterfaceOrientationLandscapeRight";
				LD_RUNPATH_SEARCH_PATHS = (
					"$(inherited)",
					"@executable_path/Frameworks",
				);
				MARKETING_VERSION = 1.0;
				PRODUCT_BUNDLE_IDENTIFIER = edu.auburn.csse.MediaFinder;
				PRODUCT_NAME = "$(TARGET_NAME)";
				SWIFT_EMIT_LOC_STRINGS = YES;
				SWIFT_VERSION = 5.0;
				TARGETED_DEVICE_FAMILY = "1,2";
			};
			name = Debug;
		};
		A9014D022B7AB8B300263D96 /* Release */ = {
			isa = XCBuildConfiguration;
			buildSettings = {
				ASSETCATALOG_COMPILER_APPICON_NAME = AppIcon;
				ASSETCATALOG_COMPILER_GLOBAL_ACCENT_COLOR_NAME = AccentColor;
				CODE_SIGN_STYLE = Automatic;
				CURRENT_PROJECT_VERSION = 1;
				GENERATE_INFOPLIST_FILE = YES;
				INFOPLIST_FILE = MediaFinder/Info.plist;
				INFOPLIST_KEY_UIApplicationSupportsIndirectInputEvents = YES;
				INFOPLIST_KEY_UILaunchStoryboardName = LaunchScreen;
				INFOPLIST_KEY_UIMainStoryboardFile = Main;
				INFOPLIST_KEY_UISupportedInterfaceOrientations_iPad = "UIInterfaceOrientationPortrait UIInterfaceOrientationPortraitUpsideDown UIInterfaceOrientationLandscapeLeft UIInterfaceOrientationLandscapeRight";
				INFOPLIST_KEY_UISupportedInterfaceOrientations_iPhone = "UIInterfaceOrientationPortrait UIInterfaceOrientationLandscapeLeft UIInterfaceOrientationLandscapeRight";
				LD_RUNPATH_SEARCH_PATHS = (
					"$(inherited)",
					"@executable_path/Frameworks",
				);
				MARKETING_VERSION = 1.0;
				PRODUCT_BUNDLE_IDENTIFIER = edu.auburn.csse.MediaFinder;
				PRODUCT_NAME = "$(TARGET_NAME)";
				SWIFT_EMIT_LOC_STRINGS = YES;
				SWIFT_VERSION = 5.0;
				TARGETED_DEVICE_FAMILY = "1,2";
			};
			name = Release;
		};
		A9014D042B7AB8B300263D96 /* Debug */ = {
			isa = XCBuildConfiguration;
			buildSettings = {
				ALWAYS_EMBED_SWIFT_STANDARD_LIBRARIES = YES;
				BUNDLE_LOADER = "$(TEST_HOST)";
				CODE_SIGN_STYLE = Automatic;
				CURRENT_PROJECT_VERSION = 1;
				GENERATE_INFOPLIST_FILE = YES;
				IPHONEOS_DEPLOYMENT_TARGET = 17.2;
				MARKETING_VERSION = 1.0;
				PRODUCT_BUNDLE_IDENTIFIER = edu.auburn.csse.MediaFinderTests;
				PRODUCT_NAME = "$(TARGET_NAME)";
				SWIFT_EMIT_LOC_STRINGS = NO;
				SWIFT_VERSION = 5.0;
				TARGETED_DEVICE_FAMILY = "1,2";
				TEST_HOST = "$(BUILT_PRODUCTS_DIR)/MediaFinder.app/$(BUNDLE_EXECUTABLE_FOLDER_PATH)/MediaFinder";
			};
			name = Debug;
		};
		A9014D052B7AB8B300263D96 /* Release */ = {
			isa = XCBuildConfiguration;
			buildSettings = {
				ALWAYS_EMBED_SWIFT_STANDARD_LIBRARIES = YES;
				BUNDLE_LOADER = "$(TEST_HOST)";
				CODE_SIGN_STYLE = Automatic;
				CURRENT_PROJECT_VERSION = 1;
				GENERATE_INFOPLIST_FILE = YES;
				IPHONEOS_DEPLOYMENT_TARGET = 17.2;
				MARKETING_VERSION = 1.0;
				PRODUCT_BUNDLE_IDENTIFIER = edu.auburn.csse.MediaFinderTests;
				PRODUCT_NAME = "$(TARGET_NAME)";
				SWIFT_EMIT_LOC_STRINGS = NO;
				SWIFT_VERSION = 5.0;
				TARGETED_DEVICE_FAMILY = "1,2";
				TEST_HOST = "$(BUILT_PRODUCTS_DIR)/MediaFinder.app/$(BUNDLE_EXECUTABLE_FOLDER_PATH)/MediaFinder";
			};
			name = Release;
		};
		A9014D072B7AB8B300263D96 /* Debug */ = {
			isa = XCBuildConfiguration;
			buildSettings = {
				ALWAYS_EMBED_SWIFT_STANDARD_LIBRARIES = YES;
				CODE_SIGN_STYLE = Automatic;
				CURRENT_PROJECT_VERSION = 1;
				GENERATE_INFOPLIST_FILE = YES;
				MARKETING_VERSION = 1.0;
				PRODUCT_BUNDLE_IDENTIFIER = edu.auburn.csse.MediaFinderUITests;
				PRODUCT_NAME = "$(TARGET_NAME)";
				SWIFT_EMIT_LOC_STRINGS = NO;
				SWIFT_VERSION = 5.0;
				TARGETED_DEVICE_FAMILY = "1,2";
				TEST_TARGET_NAME = MediaFinder;
			};
			name = Debug;
		};
		A9014D082B7AB8B300263D96 /* Release */ = {
			isa = XCBuildConfiguration;
			buildSettings = {
				ALWAYS_EMBED_SWIFT_STANDARD_LIBRARIES = YES;
				CODE_SIGN_STYLE = Automatic;
				CURRENT_PROJECT_VERSION = 1;
				GENERATE_INFOPLIST_FILE = YES;
				MARKETING_VERSION = 1.0;
				PRODUCT_BUNDLE_IDENTIFIER = edu.auburn.csse.MediaFinderUITests;
				PRODUCT_NAME = "$(TARGET_NAME)";
				SWIFT_EMIT_LOC_STRINGS = NO;
				SWIFT_VERSION = 5.0;
				TARGETED_DEVICE_FAMILY = "1,2";
				TEST_TARGET_NAME = MediaFinder;
			};
			name = Release;
		};
/* End XCBuildConfiguration section */

/* Begin XCConfigurationList section */
		A9014CD12B7AB8B000263D96 /* Build configuration list for PBXProject "MediaFinder" */ = {
			isa = XCConfigurationList;
			buildConfigurations = (
				A9014CFE2B7AB8B300263D96 /* Debug */,
				A9014CFF2B7AB8B300263D96 /* Release */,
			);
			defaultConfigurationIsVisible = 0;
			defaultConfigurationName = Release;
		};
		A9014D002B7AB8B300263D96 /* Build configuration list for PBXNativeTarget "MediaFinder" */ = {
			isa = XCConfigurationList;
			buildConfigurations = (
				A9014D012B7AB8B300263D96 /* Debug */,
				A9014D022B7AB8B300263D96 /* Release */,
			);
			defaultConfigurationIsVisible = 0;
			defaultConfigurationName = Release;
		};
		A9014D032B7AB8B300263D96 /* Build configuration list for PBXNativeTarget "MediaFinderTests" */ = {
			isa = XCConfigurationList;
			buildConfigurations = (
				A9014D042B7AB8B300263D96 /* Debug */,
				A9014D052B7AB8B300263D96 /* Release */,
			);
			defaultConfigurationIsVisible = 0;
			defaultConfigurationName = Release;
		};
		A9014D062B7AB8B300263D96 /* Build configuration list for PBXNativeTarget "MediaFinderUITests" */ = {
			isa = XCConfigurationList;
			buildConfigurations = (
				A9014D072B7AB8B300263D96 /* Debug */,
				A9014D082B7AB8B300263D96 /* Release */,
			);
			defaultConfigurationIsVisible = 0;
			defaultConfigurationName = Release;
		};
/* End XCConfigurationList section */
	};
	rootObject = A9014CCE2B7AB8B000263D96 /* Project object */;
}
